
Microsoft Visual Studio Solution File, Format Version 12.00
# Visual Studio 15
VisualStudioVersion = 15.0.27703.2035
MinimumVisualStudioVersion = 10.0.40219.1
Project("{FAE04EC0-301F-11D3-BF4B-00C04F79EFBC}") = "YahooFantasySports", "YahooFantasySports\YahooFantasySports.csproj", "{CEB059F5-C8F0-4358-B3F0-4D6FBA8B76B4}"
EndProject
Project("{FAE04EC0-301F-11D3-BF4B-00C04F79EFBC}") = "Scratch", "Scratch\Scratch.csproj", "{5E5FCB59-1FD5-40D8-B679-16E490415870}"
EndProject
Project("{FAE04EC0-301F-11D3-BF4B-00C04F79EFBC}") = "ScratchUI", "ScratchUI\ScratchUI.csproj", "{747AE785-BD22-44C9-A92A-953EB815802B}"
EndProject
Project("{FAE04EC0-301F-11D3-BF4B-00C04F79EFBC}") = "FantasyAlgorithms", "FantasyAlgorithms\FantasyAlgorithms.csproj", "{8F7DFF1B-1D1C-4FD1-912E-22A7ECEF5414}"
EndProject
Project("{FAE04EC0-301F-11D3-BF4B-00C04F79EFBC}") = "ESPNProjections", "ESPNProjections\ESPNProjections.csproj", "{1DD560C2-66EC-45C5-8DBE-10E571344C95}"
EndProject
Project("{FAE04EC0-301F-11D3-BF4B-00C04F79EFBC}") = "FantasyAuction", "FantasyAuction\FantasyAuction.csproj", "{C22E7C45-E183-46DF-8951-5B39A51C3BFD}"
EndProject
Project("{FAE04EC0-301F-11D3-BF4B-00C04F79EFBC}") = "FantasyAuctionUI", "FantasyAuctionUI\FantasyAuctionUI.csproj", "{BF39EC53-E30B-4031-BA20-D21AAC716FC9}"
EndProject
Global
	GlobalSection(SolutionConfigurationPlatforms) = preSolution
		Debug|Any CPU = Debug|Any CPU
		Release|Any CPU = Release|Any CPU
	EndGlobalSection
	GlobalSection(ProjectConfigurationPlatforms) = postSolution
		{CEB059F5-C8F0-4358-B3F0-4D6FBA8B76B4}.Debug|Any CPU.ActiveCfg = Debug|Any CPU
		{CEB059F5-C8F0-4358-B3F0-4D6FBA8B76B4}.Debug|Any CPU.Build.0 = Debug|Any CPU
		{CEB059F5-C8F0-4358-B3F0-4D6FBA8B76B4}.Release|Any CPU.ActiveCfg = Release|Any CPU
		{CEB059F5-C8F0-4358-B3F0-4D6FBA8B76B4}.Release|Any CPU.Build.0 = Release|Any CPU
		{5E5FCB59-1FD5-40D8-B679-16E490415870}.Debug|Any CPU.ActiveCfg = Debug|Any CPU
		{5E5FCB59-1FD5-40D8-B679-16E490415870}.Debug|Any CPU.Build.0 = Debug|Any CPU
		{5E5FCB59-1FD5-40D8-B679-16E490415870}.Release|Any CPU.ActiveCfg = Release|Any CPU
		{5E5FCB59-1FD5-40D8-B679-16E490415870}.Release|Any CPU.Build.0 = Release|Any CPU
		{747AE785-BD22-44C9-A92A-953EB815802B}.Debug|Any CPU.ActiveCfg = Debug|Any CPU
		{747AE785-BD22-44C9-A92A-953EB815802B}.Debug|Any CPU.Build.0 = Debug|Any CPU
		{747AE785-BD22-44C9-A92A-953EB815802B}.Release|Any CPU.ActiveCfg = Release|Any CPU
		{747AE785-BD22-44C9-A92A-953EB815802B}.Release|Any CPU.Build.0 = Release|Any CPU
		{8F7DFF1B-1D1C-4FD1-912E-22A7ECEF5414}.Debug|Any CPU.ActiveCfg = Debug|Any CPU
		{8F7DFF1B-1D1C-4FD1-912E-22A7ECEF5414}.Debug|Any CPU.Build.0 = Debug|Any CPU
		{8F7DFF1B-1D1C-4FD1-912E-22A7ECEF5414}.Release|Any CPU.ActiveCfg = Release|Any CPU
		{8F7DFF1B-1D1C-4FD1-912E-22A7ECEF5414}.Release|Any CPU.Build.0 = Release|Any CPU
		{1DD560C2-66EC-45C5-8DBE-10E571344C95}.Debug|Any CPU.ActiveCfg = Debug|Any CPU
		{1DD560C2-66EC-45C5-8DBE-10E571344C95}.Debug|Any CPU.Build.0 = Debug|Any CPU
		{1DD560C2-66EC-45C5-8DBE-10E571344C95}.Release|Any CPU.ActiveCfg = Release|Any CPU
		{1DD560C2-66EC-45C5-8DBE-10E571344C95}.Release|Any CPU.Build.0 = Release|Any CPU
		{C22E7C45-E183-46DF-8951-5B39A51C3BFD}.Debug|Any CPU.ActiveCfg = Debug|Any CPU
		{C22E7C45-E183-46DF-8951-5B39A51C3BFD}.Debug|Any CPU.Build.0 = Debug|Any CPU
		{C22E7C45-E183-46DF-8951-5B39A51C3BFD}.Release|Any CPU.ActiveCfg = Release|Any CPU
		{C22E7C45-E183-46DF-8951-5B39A51C3BFD}.Release|Any CPU.Build.0 = Release|Any CPU
		{BF39EC53-E30B-4031-BA20-D21AAC716FC9}.Debug|Any CPU.ActiveCfg = Debug|Any CPU
		{BF39EC53-E30B-4031-BA20-D21AAC716FC9}.Debug|Any CPU.Build.0 = Debug|Any CPU
		{BF39EC53-E30B-4031-BA20-D21AAC716FC9}.Release|Any CPU.ActiveCfg = Release|Any CPU
		{BF39EC53-E30B-4031-BA20-D21AAC716FC9}.Release|Any CPU.Build.0 = Release|Any CPU
	EndGlobalSection
	GlobalSection(SolutionProperties) = preSolution
		HideSolutionNode = FALSE
	EndGlobalSection
	GlobalSection(ExtensibilityGlobals) = postSolution
		SolutionGuid = {1C849174-2CF0-460B-B2CC-4EC37C8F49F1}
	EndGlobalSection
EndGlobal
